# This file is autogenerated, do not edit; changes may be undone by the next 'dep ensure'.


[[projects]]
  name = "github.com/apex/go-apex"
  packages = ["."]
  revision = "338ee0137bc07a472789968021e66c5df905fc26"
  version = "v1.0.0"

[[projects]]
  name = "github.com/sorcix/irc"
  packages = ["."]
  revision = "3ea169d06a23de0625c1afedfcbb5f6180876ea0"
  version = "v1.1.3"

[[projects]]
  name = "github.com/stormbit/ircd-healthcheck"
  packages = ["."]
  revision = "823000d42aefe7788cfa13459726ec60a1205de7"
  version = "v1.0.0"

[[projects]]
  name = "gopkg.in/sorcix/irc.v1"
  packages = ["internal"]
  revision = "3ea169d06a23de0625c1afedfcbb5f6180876ea0"
  version = "v1.1.3"

[solve-meta]
  analyzer-name = "dep"
  analyzer-version = 1
  inputs-digest = "6e8866ccf778c34b8fdf1a55e45406a737eae63c83d4adac54e45304f56372fb"
  solver-name = "gps-cdcl"
  solver-version = 1
